// !$*UTF8*$!
{
	archiveVersion = 1;
	classes = {
	};
	objectVersion = 50;
	objects = {

/* Begin PBXBuildFile section */
		180CD15E26EDAE7700783E3E /* music_app_iosApp.swift in Sources */ = {isa = PBXBuildFile; fileRef = 180CD15D26EDAE7700783E3E /* music_app_iosApp.swift */; };
		180CD16026EDAE7700783E3E /* ContentView.swift in Sources */ = {isa = PBXBuildFile; fileRef = 180CD15F26EDAE7700783E3E /* ContentView.swift */; };
		180CD16226EDAE7800783E3E /* Assets.xcassets in Resources */ = {isa = PBXBuildFile; fileRef = 180CD16126EDAE7800783E3E /* Assets.xcassets */; };
		180CD16526EDAE7800783E3E /* Preview Assets.xcassets in Resources */ = {isa = PBXBuildFile; fileRef = 180CD16426EDAE7800783E3E /* Preview Assets.xcassets */; };
		180CD17026EDAE7800783E3E /* music_app_iosTests.swift in Sources */ = {isa = PBXBuildFile; fileRef = 180CD16F26EDAE7800783E3E /* music_app_iosTests.swift */; };
		180CD17B26EDAE7800783E3E /* music_app_iosUITests.swift in Sources */ = {isa = PBXBuildFile; fileRef = 180CD17A26EDAE7800783E3E /* music_app_iosUITests.swift */; };
/* End PBXBuildFile section */

/* Begin PBXContainerItemProxy section */
		180CD16C26EDAE7800783E3E /* PBXContainerItemProxy */ = {
			isa = PBXContainerItemProxy;
			containerPortal = 180CD15226EDAE7700783E3E /* Project object */;
			proxyType = 1;
			remoteGlobalIDString = 180CD15926EDAE7700783E3E;
			remoteInfo = "music-app-ios";
		};
		180CD17726EDAE7800783E3E /* PBXContainerItemProxy */ = {
			isa = PBXContainerItemProxy;
			containerPortal = 180CD15226EDAE7700783E3E /* Project object */;
			proxyType = 1;
			remoteGlobalIDString = 180CD15926EDAE7700783E3E;
			remoteInfo = "music-app-ios";
		};
/* End PBXContainerItemProxy section */

/* Begin PBXFileReference section */
		180CD15A26EDAE7700783E3E /* music-app-ios.app */ = {isa = PBXFileReference; explicitFileType = wrapper.application; includeInIndex = 0; path = "music-app-ios.app"; sourceTree = BUILT_PRODUCTS_DIR; };
		180CD15D26EDAE7700783E3E /* music_app_iosApp.swift */ = {isa = PBXFileReference; lastKnownFileType = sourcecode.swift; path = music_app_iosApp.swift; sourceTree = "<group>"; };
		180CD15F26EDAE7700783E3E /* ContentView.swift */ = {isa = PBXFileReference; lastKnownFileType = sourcecode.swift; path = ContentView.swift; sourceTree = "<group>"; };
		180CD16126EDAE7800783E3E /* Assets.xcassets */ = {isa = PBXFileReference; lastKnownFileType = folder.assetcatalog; path = Assets.xcassets; sourceTree = "<group>"; };
		180CD16426EDAE7800783E3E /* Preview Assets.xcassets */ = {isa = PBXFileReference; lastKnownFileType = folder.assetcatalog; path = "Preview Assets.xcassets"; sourceTree = "<group>"; };
		180CD16626EDAE7800783E3E /* Info.plist */ = {isa = PBXFileReference; lastKnownFileType = text.plist.xml; path = Info.plist; sourceTree = "<group>"; };
		180CD16B26EDAE7800783E3E /* music-app-iosTests.xctest */ = {isa = PBXFileReference; explicitFileType = wrapper.cfbundle; includeInIndex = 0; path = "music-app-iosTests.xctest"; sourceTree = BUILT_PRODUCTS_DIR; };
		180CD16F26EDAE7800783E3E /* music_app_iosTests.swift */ = {isa = PBXFileReference; lastKnownFileType = sourcecode.swift; path = music_app_iosTests.swift; sourceTree = "<group>"; };
		180CD17126EDAE7800783E3E /* Info.plist */ = {isa = PBXFileReference; lastKnownFileType = text.plist.xml; path = Info.plist; sourceTree = "<group>"; };
		180CD17626EDAE7800783E3E /* music-app-iosUITests.xctest */ = {isa = PBXFileReference; explicitFileType = wrapper.cfbundle; includeInIndex = 0; path = "music-app-iosUITests.xctest"; sourceTree = BUILT_PRODUCTS_DIR; };
		180CD17A26EDAE7800783E3E /* music_app_iosUITests.swift */ = {isa = PBXFileReference; lastKnownFileType = sourcecode.swift; path = music_app_iosUITests.swift; sourceTree = "<group>"; };
		180CD17C26EDAE7800783E3E /* Info.plist */ = {isa = PBXFileReference; lastKnownFileType = text.plist.xml; path = Info.plist; sourceTree = "<group>"; };
/* End PBXFileReference section */

/* Begin PBXFrameworksBuildPhase section */
		180CD15726EDAE7700783E3E /* Frameworks */ = {
			isa = PBXFrameworksBuildPhase;
			buildActionMask = 2147483647;
			files = (
			);
			runOnlyForDeploymentPostprocessing = 0;
		};
		180CD16826EDAE7800783E3E /* Frameworks */ = {
			isa = PBXFrameworksBuildPhase;
			buildActionMask = 2147483647;
			files = (
			);
			runOnlyForDeploymentPostprocessing = 0;
		};
		180CD17326EDAE7800783E3E /* Frameworks */ = {
			isa = PBXFrameworksBuildPhase;
			buildActionMask = 2147483647;
			files = (
			);
			runOnlyForDeploymentPostprocessing = 0;
		};
/* End PBXFrameworksBuildPhase section */

/* Begin PBXGroup section */
		180CD15126EDAE7700783E3E = {
			isa = PBXGroup;
			children = (
				180CD15C26EDAE7700783E3E /* music-app-ios */,
				180CD16E26EDAE7800783E3E /* music-app-iosTests */,
				180CD17926EDAE7800783E3E /* music-app-iosUITests */,
				180CD15B26EDAE7700783E3E /* Products */,
			);
			sourceTree = "<group>";
		};
		180CD15B26EDAE7700783E3E /* Products */ = {
			isa = PBXGroup;
			children = (
				180CD15A26EDAE7700783E3E /* music-app-ios.app */,
				180CD16B26EDAE7800783E3E /* music-app-iosTests.xctest */,
				180CD17626EDAE7800783E3E /* music-app-iosUITests.xctest */,
			);
			name = Products;
			sourceTree = "<group>";
		};
		180CD15C26EDAE7700783E3E /* music-app-ios */ = {
			isa = PBXGroup;
			children = (
				180CD15D26EDAE7700783E3E /* music_app_iosApp.swift */,
				180CD15F26EDAE7700783E3E /* ContentView.swift */,
				180CD16126EDAE7800783E3E /* Assets.xcassets */,
				180CD16626EDAE7800783E3E /* Info.plist */,
				180CD16326EDAE7800783E3E /* Preview Content */,
			);
			path = "music-app-ios";
			sourceTree = "<group>";
		};
		180CD16326EDAE7800783E3E /* Preview Content */ = {
			isa = PBXGroup;
			children = (
				180CD16426EDAE7800783E3E /* Preview Assets.xcassets */,
			);
			path = "Preview Content";
			sourceTree = "<group>";
		};
		180CD16E26EDAE7800783E3E /* music-app-iosTests */ = {
			isa = PBXGroup;
			children = (
				180CD16F26EDAE7800783E3E /* music_app_iosTests.swift */,
				180CD17126EDAE7800783E3E /* Info.plist */,
			);
			path = "music-app-iosTests";
			sourceTree = "<group>";
		};
		180CD17926EDAE7800783E3E /* music-app-iosUITests */ = {
			isa = PBXGroup;
			children = (
				180CD17A26EDAE7800783E3E /* music_app_iosUITests.swift */,
				180CD17C26EDAE7800783E3E /* Info.plist */,
			);
			path = "music-app-iosUITests";
			sourceTree = "<group>";
		};
/* End PBXGroup section */

/* Begin PBXNativeTarget section */
		180CD15926EDAE7700783E3E /* music-app-ios */ = {
			isa = PBXNativeTarget;
			buildConfigurationList = 180CD17F26EDAE7800783E3E /* Build configuration list for PBXNativeTarget "music-app-ios" */;
			buildPhases = (
				180CD15626EDAE7700783E3E /* Sources */,
				180CD15726EDAE7700783E3E /* Frameworks */,
				180CD15826EDAE7700783E3E /* Resources */,
			);
			buildRules = (
			);
			dependencies = (
			);
			name = "music-app-ios";
			productName = "music-app-ios";
			productReference = 180CD15A26EDAE7700783E3E /* music-app-ios.app */;
			productType = "com.apple.product-type.application";
		};
		180CD16A26EDAE7800783E3E /* music-app-iosTests */ = {
			isa = PBXNativeTarget;
			buildConfigurationList = 180CD18226EDAE7800783E3E /* Build configuration list for PBXNativeTarget "music-app-iosTests" */;
			buildPhases = (
				180CD16726EDAE7800783E3E /* Sources */,
				180CD16826EDAE7800783E3E /* Frameworks */,
				180CD16926EDAE7800783E3E /* Resources */,
			);
			buildRules = (
			);
			dependencies = (
				180CD16D26EDAE7800783E3E /* PBXTargetDependency */,
			);
			name = "music-app-iosTests";
			productName = "music-app-iosTests";
			productReference = 180CD16B26EDAE7800783E3E /* music-app-iosTests.xctest */;
			productType = "com.apple.product-type.bundle.unit-test";
		};
		180CD17526EDAE7800783E3E /* music-app-iosUITests */ = {
			isa = PBXNativeTarget;
			buildConfigurationList = 180CD18526EDAE7800783E3E /* Build configuration list for PBXNativeTarget "music-app-iosUITests" */;
			buildPhases = (
				180CD17226EDAE7800783E3E /* Sources */,
				180CD17326EDAE7800783E3E /* Frameworks */,
				180CD17426EDAE7800783E3E /* Resources */,
			);
			buildRules = (
			);
			dependencies = (
				180CD17826EDAE7800783E3E /* PBXTargetDependency */,
			);
			name = "music-app-iosUITests";
			productName = "music-app-iosUITests";
			productReference = 180CD17626EDAE7800783E3E /* music-app-iosUITests.xctest */;
			productType = "com.apple.product-type.bundle.ui-testing";
		};
/* End PBXNativeTarget section */

/* Begin PBXProject section */
		180CD15226EDAE7700783E3E /* Project object */ = {
			isa = PBXProject;
			attributes = {
				LastSwiftUpdateCheck = 1240;
				LastUpgradeCheck = 1240;
				TargetAttributes = {
					180CD15926EDAE7700783E3E = {
						CreatedOnToolsVersion = 12.4;
					};
					180CD16A26EDAE7800783E3E = {
						CreatedOnToolsVersion = 12.4;
						TestTargetID = 180CD15926EDAE7700783E3E;
					};
					180CD17526EDAE7800783E3E = {
						CreatedOnToolsVersion = 12.4;
						TestTargetID = 180CD15926EDAE7700783E3E;
					};
				};
			};
			buildConfigurationList = 180CD15526EDAE7700783E3E /* Build configuration list for PBXProject "music-app-ios" */;
			compatibilityVersion = "Xcode 9.3";
			developmentRegion = en;
			hasScannedForEncodings = 0;
			knownRegions = (
				en,
				Base,
			);
			mainGroup = 180CD15126EDAE7700783E3E;
			productRefGroup = 180CD15B26EDAE7700783E3E /* Products */;
			projectDirPath = "";
			projectRoot = "";
			targets = (
				180CD15926EDAE7700783E3E /* music-app-ios */,
				180CD16A26EDAE7800783E3E /* music-app-iosTests */,
				180CD17526EDAE7800783E3E /* music-app-iosUITests */,
			);
		};
/* End PBXProject section */

/* Begin PBXResourcesBuildPhase section */
		180CD15826EDAE7700783E3E /* Resources */ = {
			isa = PBXResourcesBuildPhase;
			buildActionMask = 2147483647;
			files = (
				180CD16526EDAE7800783E3E /* Preview Assets.xcassets in Resources */,
				180CD16226EDAE7800783E3E /* Assets.xcassets in Resources */,
			);
			runOnlyForDeploymentPostprocessing = 0;
		};
		180CD16926EDAE7800783E3E /* Resources */ = {
			isa = PBXResourcesBuildPhase;
			buildActionMask = 2147483647;
			files = (
			);
			runOnlyForDeploymentPostprocessing = 0;
		};
		180CD17426EDAE7800783E3E /* Resources */ = {
			isa = PBXResourcesBuildPhase;
			buildActionMask = 2147483647;
			files = (
			);
			runOnlyForDeploymentPostprocessing = 0;
		};
/* End PBXResourcesBuildPhase section */

/* Begin PBXSourcesBuildPhase section */
		180CD15626EDAE7700783E3E /* Sources */ = {
			isa = PBXSourcesBuildPhase;
			buildActionMask = 2147483647;
			files = (
				180CD16026EDAE7700783E3E /* ContentView.swift in Sources */,
				180CD15E26EDAE7700783E3E /* music_app_iosApp.swift in Sources */,
			);
			runOnlyForDeploymentPostprocessing = 0;
		};
		180CD16726EDAE7800783E3E /* Sources */ = {
			isa = PBXSourcesBuildPhase;
			buildActionMask = 2147483647;
			files = (
				180CD17026EDAE7800783E3E /* music_app_iosTests.swift in Sources */,
			);
			runOnlyForDeploymentPostprocessing = 0;
		};
		180CD17226EDAE7800783E3E /* Sources */ = {
			isa = PBXSourcesBuildPhase;
			buildActionMask = 2147483647;
			files = (
				180CD17B26EDAE7800783E3E /* music_app_iosUITests.swift in Sources */,
			);
			runOnlyForDeploymentPostprocessing = 0;
		};
/* End PBXSourcesBuildPhase section */

/* Begin PBXTargetDependency section */
		180CD16D26EDAE7800783E3E /* PBXTargetDependency */ = {
			isa = PBXTargetDependency;
			target = 180CD15926EDAE7700783E3E /* music-app-ios */;
			targetProxy = 180CD16C26EDAE7800783E3E /* PBXContainerItemProxy */;
		};
		180CD17826EDAE7800783E3E /* PBXTargetDependency */ = {
			isa = PBXTargetDependency;
			target = 180CD15926EDAE7700783E3E /* music-app-ios */;
			targetProxy = 180CD17726EDAE7800783E3E /* PBXContainerItemProxy */;
		};
/* End PBXTargetDependency section */

/* Begin XCBuildConfiguration section */
		180CD17D26EDAE7800783E3E /* Debug */ = {
			isa = XCBuildConfiguration;
			buildSettings = {
				ALWAYS_SEARCH_USER_PATHS = NO;
				CLANG_ANALYZER_NONNULL = YES;
				CLANG_ANALYZER_NUMBER_OBJECT_CONVERSION = YES_AGGRESSIVE;
				CLANG_CXX_LANGUAGE_STANDARD = "gnu++14";
				CLANG_CXX_LIBRARY = "libc++";
				CLANG_ENABLE_MODULES = YES;
				CLANG_ENABLE_OBJC_ARC = YES;
				CLANG_ENABLE_OBJC_WEAK = YES;
				CLANG_WARN_BLOCK_CAPTURE_AUTORELEASING = YES;
				CLANG_WARN_BOOL_CONVERSION = YES;
				CLANG_WARN_COMMA = YES;
				CLANG_WARN_CONSTANT_CONVERSION = YES;
				CLANG_WARN_DEPRECATED_OBJC_IMPLEMENTATIONS = YES;
				CLANG_WARN_DIRECT_OBJC_ISA_USAGE = YES_ERROR;
				CLANG_WARN_DOCUMENTATION_COMMENTS = YES;
				CLANG_WARN_EMPTY_BODY = YES;
				CLANG_WARN_ENUM_CONVERSION = YES;
				CLANG_WARN_INFINITE_RECURSION = YES;
				CLANG_WARN_INT_CONVERSION = YES;
				CLANG_WARN_NON_LITERAL_NULL_CONVERSION = YES;
				CLANG_WARN_OBJC_IMPLICIT_RETAIN_SELF = YES;
				CLANG_WARN_OBJC_LITERAL_CONVERSION = YES;
				CLANG_WARN_OBJC_ROOT_CLASS = YES_ERROR;
				CLANG_WARN_QUOTED_INCLUDE_IN_FRAMEWORK_HEADER = YES;
				CLANG_WARN_RANGE_LOOP_ANALYSIS = YES;
				CLANG_WARN_STRICT_PROTOTYPES = YES;
				CLANG_WARN_SUSPICIOUS_MOVE = YES;
				CLANG_WARN_UNGUARDED_AVAILABILITY = YES_AGGRESSIVE;
				CLANG_WARN_UNREACHABLE_CODE = YES;
				CLANG_WARN__DUPLICATE_METHOD_MATCH = YES;
				COPY_PHASE_STRIP = NO;
				DEBUG_INFORMATION_FORMAT = dwarf;
				ENABLE_STRICT_OBJC_MSGSEND = YES;
				ENABLE_TESTABILITY = YES;
				GCC_C_LANGUAGE_STANDARD = gnu11;
				GCC_DYNAMIC_NO_PIC = NO;
				GCC_NO_COMMON_BLOCKS = YES;
				GCC_OPTIMIZATION_LEVEL = 0;
				GCC_PREPROCESSOR_DEFINITIONS = (
					"DEBUG=1",
					"$(inherited)",
				);
				GCC_WARN_64_TO_32_BIT_CONVERSION = YES;
				GCC_WARN_ABOUT_RETURN_TYPE = YES_ERROR;
				GCC_WARN_UNDECLARED_SELECTOR = YES;
				GCC_WARN_UNINITIALIZED_AUTOS = YES_AGGRESSIVE;
				GCC_WARN_UNUSED_FUNCTION = YES;
				GCC_WARN_UNUSED_VARIABLE = YES;
				IPHONEOS_DEPLOYMENT_TARGET = 14.4;
				MTL_ENABLE_DEBUG_INFO = INCLUDE_SOURCE;
				MTL_FAST_MATH = YES;
				ONLY_ACTIVE_ARCH = YES;
				SDKROOT = iphoneos;
				SWIFT_ACTIVE_COMPILATION_CONDITIONS = DEBUG;
				SWIFT_OPTIMIZATION_LEVEL = "-Onone";
			};
			name = Debug;
		};
		180CD17E26EDAE7800783E3E /* Release */ = {
			isa = XCBuildConfiguration;
			buildSettings = {
				ALWAYS_SEARCH_USER_PATHS = NO;
				CLANG_ANALYZER_NONNULL = YES;
				CLANG_ANALYZER_NUMBER_OBJECT_CONVERSION = YES_AGGRESSIVE;
				CLANG_CXX_LANGUAGE_STANDARD = "gnu++14";
				CLANG_CXX_LIBRARY = "libc++";
				CLANG_ENABLE_MODULES = YES;
				CLANG_ENABLE_OBJC_ARC = YES;
				CLANG_ENABLE_OBJC_WEAK = YES;
				CLANG_WARN_BLOCK_CAPTURE_AUTORELEASING = YES;
				CLANG_WARN_BOOL_CONVERSION = YES;
				CLANG_WARN_COMMA = YES;
				CLANG_WARN_CONSTANT_CONVERSION = YES;
				CLANG_WARN_DEPRECATED_OBJC_IMPLEMENTATIONS = YES;
				CLANG_WARN_DIRECT_OBJC_ISA_USAGE = YES_ERROR;
				CLANG_WARN_DOCUMENTATION_COMMENTS = YES;
				CLANG_WARN_EMPTY_BODY = YES;
				CLANG_WARN_ENUM_CONVERSION = YES;
				CLANG_WARN_INFINITE_RECURSION = YES;
				CLANG_WARN_INT_CONVERSION = YES;
				CLANG_WARN_NON_LITERAL_NULL_CONVERSION = YES;
				CLANG_WARN_OBJC_IMPLICIT_RETAIN_SELF = YES;
				CLANG_WARN_OBJC_LITERAL_CONVERSION = YES;
				CLANG_WARN_OBJC_ROOT_CLASS = YES_ERROR;
				CLANG_WARN_QUOTED_INCLUDE_IN_FRAMEWORK_HEADER = YES;
				CLANG_WARN_RANGE_LOOP_ANALYSIS = YES;
				CLANG_WARN_STRICT_PROTOTYPES = YES;
				CLANG_WARN_SUSPICIOUS_MOVE = YES;
				CLANG_WARN_UNGUARDED_AVAILABILITY = YES_AGGRESSIVE;
				CLANG_WARN_UNREACHABLE_CODE = YES;
				CLANG_WARN__DUPLICATE_METHOD_MATCH = YES;
				COPY_PHASE_STRIP = NO;
				DEBUG_INFORMATION_FORMAT = "dwarf-with-dsym";
				ENABLE_NS_ASSERTIONS = NO;
				ENABLE_STRICT_OBJC_MSGSEND = YES;
				GCC_C_LANGUAGE_STANDARD = gnu11;
				GCC_NO_COMMON_BLOCKS = YES;
				GCC_WARN_64_TO_32_BIT_CONVERSION = YES;
				GCC_WARN_ABOUT_RETURN_TYPE = YES_ERROR;
				GCC_WARN_UNDECLARED_SELECTOR = YES;
				GCC_WARN_UNINITIALIZED_AUTOS = YES_AGGRESSIVE;
				GCC_WARN_UNUSED_FUNCTION = YES;
				GCC_WARN_UNUSED_VARIABLE = YES;
				IPHONEOS_DEPLOYMENT_TARGET = 14.4;
				MTL_ENABLE_DEBUG_INFO = NO;
				MTL_FAST_MATH = YES;
				SDKROOT = iphoneos;
				SWIFT_COMPILATION_MODE = wholemodule;
				SWIFT_OPTIMIZATION_LEVEL = "-O";
				VALIDATE_PRODUCT = YES;
			};
			name = Release;
		};
		180CD18026EDAE7800783E3E /* Debug */ = {
			isa = XCBuildConfiguration;
			buildSettings = {
				ASSETCATALOG_COMPILER_APPICON_NAME = AppIcon;
				ASSETCATALOG_COMPILER_GLOBAL_ACCENT_COLOR_NAME = AccentColor;
				CODE_SIGN_STYLE = Automatic;
				DEVELOPMENT_ASSET_PATHS = "\"music-app-ios/Preview Content\"";
				ENABLE_PREVIEWS = YES;
				INFOPLIST_FILE = "music-app-ios/Info.plist";
				IPHONEOS_DEPLOYMENT_TARGET = 14.0;
				LD_RUNPATH_SEARCH_PATHS = (
					"$(inherited)",
					"@executable_path/Frameworks",
				);
				PRODUCT_BUNDLE_IDENTIFIER = "app.music.music-app-ios";
				PRODUCT_NAME = "$(TARGET_NAME)";
				SWIFT_VERSION = 5.0;
				TARGETED_DEVICE_FAMILY = "1,2";
			};
			name = Debug;
		};
		180CD18126EDAE7800783E3E /* Release */ = {
			isa = XCBuildConfiguration;
			buildSettings = {
				ASSETCATALOG_COMPILER_APPICON_NAME = AppIcon;
				ASSETCATALOG_COMPILER_GLOBAL_ACCENT_COLOR_NAME = AccentColor;
				CODE_SIGN_STYLE = Automatic;
				DEVELOPMENT_ASSET_PATHS = "\"music-app-ios/Preview Content\"";
				ENABLE_PREVIEWS = YES;
				INFOPLIST_FILE = "music-app-ios/Info.plist";
				IPHONEOS_DEPLOYMENT_TARGET = 14.0;
				LD_RUNPATH_SEARCH_PATHS = (
					"$(inherited)",
					"@executable_path/Frameworks",
				);
				PRODUCT_BUNDLE_IDENTIFIER = "app.music.music-app-ios";
				PRODUCT_NAME = "$(TARGET_NAME)";
				SWIFT_VERSION = 5.0;
				TARGETED_DEVICE_FAMILY = "1,2";
			};
			name = Release;
		};
		180CD18326EDAE7800783E3E /* Debug */ = {
			isa = XCBuildConfiguration;
			buildSettings = {
				ALWAYS_EMBED_SWIFT_STANDARD_LIBRARIES = YES;
				BUNDLE_LOADER = "$(TEST_HOST)";
				CODE_SIGN_STYLE = Automatic;
				INFOPLIST_FILE = "music-app-iosTests/Info.plist";
				IPHONEOS_DEPLOYMENT_TARGET = 14.0;
				LD_RUNPATH_SEARCH_PATHS = (
					"$(inherited)",
					"@executable_path/Frameworks",
					"@loader_path/Frameworks",
				);
				PRODUCT_BUNDLE_IDENTIFIER = "app.music.music-app-iosTests";
				PRODUCT_NAME = "$(TARGET_NAME)";
				SWIFT_VERSION = 5.0;
				TARGETED_DEVICE_FAMILY = "1,2";
				TEST_HOST = "$(BUILT_PRODUCTS_DIR)/music-app-ios.app/music-app-ios";
			};
			name = Debug;
		};
		180CD18426EDAE7800783E3E /* Release */ = {
			isa = XCBuildConfiguration;
			buildSettings = {
				ALWAYS_EMBED_SWIFT_STANDARD_LIBRARIES = YES;
				BUNDLE_LOADER = "$(TEST_HOST)";
				CODE_SIGN_STYLE = Automatic;
				INFOPLIST_FILE = "music-app-iosTests/Info.plist";
				IPHONEOS_DEPLOYMENT_TARGET = 14.0;
				LD_RUNPATH_SEARCH_PATHS = (
					"$(inherited)",
					"@executable_path/Frameworks",
					"@loader_path/Frameworks",
				);
				PRODUCT_BUNDLE_IDENTIFIER = "app.music.music-app-iosTests";
				PRODUCT_NAME = "$(TARGET_NAME)";
				SWIFT_VERSION = 5.0;
				TARGETED_DEVICE_FAMILY = "1,2";
				TEST_HOST = "$(BUILT_PRODUCTS_DIR)/music-app-ios.app/music-app-ios";
			};
			name = Release;
		};
		180CD18626EDAE7800783E3E /* Debug */ = {
			isa = XCBuildConfiguration;
			buildSettings = {
				ALWAYS_EMBED_SWIFT_STANDARD_LIBRARIES = YES;
				CODE_SIGN_STYLE = Automatic;
				INFOPLIST_FILE = "music-app-iosUITests/Info.plist";
				LD_RUNPATH_SEARCH_PATHS = (
					"$(inherited)",
					"@executable_path/Frameworks",
					"@loader_path/Frameworks",
				);
				PRODUCT_BUNDLE_IDENTIFIER = "app.music.music-app-iosUITests";
				PRODUCT_NAME = "$(TARGET_NAME)";
				SWIFT_VERSION = 5.0;
				TARGETED_DEVICE_FAMILY = "1,2";
				TEST_TARGET_NAME = "music-app-ios";
			};
			name = Debug;
		};
		180CD18726EDAE7800783E3E /* Release */ = {
			isa = XCBuildConfiguration;
			buildSettings = {
				ALWAYS_EMBED_SWIFT_STANDARD_LIBRARIES = YES;
				CODE_SIGN_STYLE = Automatic;
				INFOPLIST_FILE = "music-app-iosUITests/Info.plist";
				LD_RUNPATH_SEARCH_PATHS = (
					"$(inherited)",
					"@executable_path/Frameworks",
					"@loader_path/Frameworks",
				);
				PRODUCT_BUNDLE_IDENTIFIER = "app.music.music-app-iosUITests";
				PRODUCT_NAME = "$(TARGET_NAME)";
				SWIFT_VERSION = 5.0;
				TARGETED_DEVICE_FAMILY = "1,2";
				TEST_TARGET_NAME = "music-app-ios";
			};
			name = Release;
		};
/* End XCBuildConfiguration section */

/* Begin XCConfigurationList section */
		180CD15526EDAE7700783E3E /* Build configuration list for PBXProject "music-app-ios" */ = {
			isa = XCConfigurationList;
			buildConfigurations = (
				180CD17D26EDAE7800783E3E /* Debug */,
				180CD17E26EDAE7800783E3E /* Release */,
			);
			defaultConfigurationIsVisible = 0;
			defaultConfigurationName = Release;
		};
		180CD17F26EDAE7800783E3E /* Build configuration list for PBXNativeTarget "music-app-ios" */ = {
			isa = XCConfigurationList;
			buildConfigurations = (
				180CD18026EDAE7800783E3E /* Debug */,
				180CD18126EDAE7800783E3E /* Release */,
			);
			defaultConfigurationIsVisible = 0;
			defaultConfigurationName = Release;
		};
		180CD18226EDAE7800783E3E /* Build configuration list for PBXNativeTarget "music-app-iosTests" */ = {
			isa = XCConfigurationList;
			buildConfigurations = (
				180CD18326EDAE7800783E3E /* Debug */,
				180CD18426EDAE7800783E3E /* Release */,
			);
			defaultConfigurationIsVisible = 0;
			defaultConfigurationName = Release;
		};
		180CD18526EDAE7800783E3E /* Build configuration list for PBXNativeTarget "music-app-iosUITests" */ = {
			isa = XCConfigurationList;
			buildConfigurations = (
				180CD18626EDAE7800783E3E /* Debug */,
				180CD18726EDAE7800783E3E /* Release */,
			);
			defaultConfigurationIsVisible = 0;
			defaultConfigurationName = Release;
		};
/* End XCConfigurationList section */
	};
	rootObject = 180CD15226EDAE7700783E3E /* Project object */;
}
